
Microsoft Visual Studio Solution File, Format Version 12.00
# Visual Studio Version 16
VisualStudioVersion = 16.0.31624.102
MinimumVisualStudioVersion = 10.0.40219.1
Project("{FAE04EC0-301F-11D3-BF4B-00C04F79EFBC}") = "NaverCafeArticleConsoleExtractor", "NaverCafeArticleConsoleExtractor\NaverCafeArticleConsoleExtractor.csproj", "{7F8DB2E8-58FC-4443-BBA3-8F56459066C3}"
EndProject
Project("{FAE04EC0-301F-11D3-BF4B-00C04F79EFBC}") = "NaverCafeArticleExtractor", "NaverCafeArticleExtractor\NaverCafeArticleExtractor.csproj", "{3D6FC051-8FA5-4712-9FC2-8747E10D3927}"
EndProject
Project("{FAE04EC0-301F-11D3-BF4B-00C04F79EFBC}") = "NaverCafeArticleExtractorTest", "NaverCafeArticleExtractorTest\NaverCafeArticleExtractorTest.csproj", "{EDB4DF13-D4D4-47CF-96FB-3D739D0E7F8B}"
EndProject
Global
	GlobalSection(SolutionConfigurationPlatforms) = preSolution
		Debug|Any CPU = Debug|Any CPU
		Release|Any CPU = Release|Any CPU
	EndGlobalSection
	GlobalSection(ProjectConfigurationPlatforms) = postSolution
		{7F8DB2E8-58FC-4443-BBA3-8F56459066C3}.Debug|Any CPU.ActiveCfg = Debug|Any CPU
		{7F8DB2E8-58FC-4443-BBA3-8F56459066C3}.Debug|Any CPU.Build.0 = Debug|Any CPU
		{7F8DB2E8-58FC-4443-BBA3-8F56459066C3}.Release|Any CPU.ActiveCfg = Release|Any CPU
		{7F8DB2E8-58FC-4443-BBA3-8F56459066C3}.Release|Any CPU.Build.0 = Release|Any CPU
		{3D6FC051-8FA5-4712-9FC2-8747E10D3927}.Debug|Any CPU.ActiveCfg = Debug|Any CPU
		{3D6FC051-8FA5-4712-9FC2-8747E10D3927}.Debug|Any CPU.Build.0 = Debug|Any CPU
		{3D6FC051-8FA5-4712-9FC2-8747E10D3927}.Release|Any CPU.ActiveCfg = Release|Any CPU
		{3D6FC051-8FA5-4712-9FC2-8747E10D3927}.Release|Any CPU.Build.0 = Release|Any CPU
		{EDB4DF13-D4D4-47CF-96FB-3D739D0E7F8B}.Debug|Any CPU.ActiveCfg = Debug|Any CPU
		{EDB4DF13-D4D4-47CF-96FB-3D739D0E7F8B}.Debug|Any CPU.Build.0 = Debug|Any CPU
		{EDB4DF13-D4D4-47CF-96FB-3D739D0E7F8B}.Release|Any CPU.ActiveCfg = Release|Any CPU
		{EDB4DF13-D4D4-47CF-96FB-3D739D0E7F8B}.Release|Any CPU.Build.0 = Release|Any CPU
	EndGlobalSection
	GlobalSection(SolutionProperties) = preSolution
		HideSolutionNode = FALSE
	EndGlobalSection
	GlobalSection(ExtensibilityGlobals) = postSolution
		SolutionGuid = {C364B6AD-D8F7-4F08-BF5B-096271A4E3A9}
	EndGlobalSection
EndGlobal
